
Microsoft Visual Studio Solution File, Format Version 12.00
# Visual Studio Version 16
VisualStudioVersion = 16.0.29709.97
MinimumVisualStudioVersion = 10.0.40219.1
Project("{FAE04EC0-301F-11D3-BF4B-00C04F79EFBC}") = "MyService", "MyService\MyService.csproj", "{2D372DE4-4B26-48EF-A32A-BB9475280530}"
EndProject
Project("{FAE04EC0-301F-11D3-BF4B-00C04F79EFBC}") = "ClientConsole", "ClientConsole\ClientConsole.csproj", "{0D19E529-0ADE-4ED4-B956-8EC1A575F1F2}"
EndProject
Global
	GlobalSection(SolutionConfigurationPlatforms) = preSolution
		Debug|Any CPU = Debug|Any CPU
		Release|Any CPU = Release|Any CPU
	EndGlobalSection
	GlobalSection(ProjectConfigurationPlatforms) = postSolution
		{2D372DE4-4B26-48EF-A32A-BB9475280530}.Debug|Any CPU.ActiveCfg = Debug|Any CPU
		{2D372DE4-4B26-48EF-A32A-BB9475280530}.Debug|Any CPU.Build.0 = Debug|Any CPU
		{2D372DE4-4B26-48EF-A32A-BB9475280530}.Release|Any CPU.ActiveCfg = Release|Any CPU
		{2D372DE4-4B26-48EF-A32A-BB9475280530}.Release|Any CPU.Build.0 = Release|Any CPU
		{0D19E529-0ADE-4ED4-B956-8EC1A575F1F2}.Debug|Any CPU.ActiveCfg = Debug|Any CPU
		{0D19E529-0ADE-4ED4-B956-8EC1A575F1F2}.Debug|Any CPU.Build.0 = Debug|Any CPU
		{0D19E529-0ADE-4ED4-B956-8EC1A575F1F2}.Release|Any CPU.ActiveCfg = Release|Any CPU
		{0D19E529-0ADE-4ED4-B956-8EC1A575F1F2}.Release|Any CPU.Build.0 = Release|Any CPU
	EndGlobalSection
	GlobalSection(SolutionProperties) = preSolution
		HideSolutionNode = FALSE
	EndGlobalSection
	GlobalSection(ExtensibilityGlobals) = postSolution
		SolutionGuid = {6D6CEBD3-98A2-4BC1-94CE-004555272205}
	EndGlobalSection
EndGlobal
